{
  "lockfileVersion": 1,
  "workspaces": {
    "": {
      "name": "dna-outreach-backend",
      "dependencies": {
        "hono": "^4.6.15",
        "libphonenumber-js": "^1.13.9",
        "postgres": "^3.4.5",
        "unpdf": "^1.6.2",
      },
    },
  },
  "packages": {
    "hono": ["hono@4.12.30", "", {}, "sha512-emn+JoJjrN9YTpRDS5it/UI2SO9BAE37T6I3d963RxcZ81G9A4pr2SZTEiiaiKbzx+NKRg5BZ89fCL7gCJCUog=="],

    "libphonenumber-js": ["libphonenumber-js@1.13.9", "", {}, "sha512-VNS5vWMM7r0P66BYv+TQJATxExEgLxN+34hfHDVhDkUsGAE4cRg0shCNSLTXNKm7nIUscC7AfB51TjxEeF7msQ=="],

    "postgres": ["postgres@3.4.9", "", {}, "sha512-GD3qdB0x1z9xgFI6cdRD6xu2Sp2WCOEoe3mtnyB5Ee0XrrL5Pe+e4CCnJrRMnL1zYtRDZmQQVbvOttLnKDLnaw=="],

    "unpdf": ["unpdf@1.6.2", "", { "peerDependencies": { "@napi-rs/canvas": "^0.1.69" }, "optionalPeers": ["@napi-rs/canvas"] }, "sha512-zQ80ySoPuPHOsvIoRp/nJyQt8TOUoTh1+WBCGcBvlddQNgKDLRwm0AY3x8Q35I7+kIiRSgqMx+Ma2pl9McIp7A=="],
  }
}
